// !$*UTF8*$!
{
	archiveVersion = 1;
	classes = {
	};
	objectVersion = 50;
	objects = {

/* Begin PBXBuildFile section */
		AB1D3B1C22D9CDEF00D0AEA6 /* HomeList.swift in Sources */ = {isa = PBXBuildFile; fileRef = AB1D3B1B22D9CDEF00D0AEA6 /* HomeList.swift */; };
		AB62172722D870540039BC73 /* Home.swift in Sources */ = {isa = PBXBuildFile; fileRef = AB62172622D870540039BC73 /* Home.swift */; };
		ABB215DC22DB353800424B38 /* BlurView.swift in Sources */ = {isa = PBXBuildFile; fileRef = ABB215DB22DB353800424B38 /* BlurView.swift */; };
		ABB215DE22DB713300424B38 /* UpdateList.swift in Sources */ = {isa = PBXBuildFile; fileRef = ABB215DD22DB713300424B38 /* UpdateList.swift */; };
		ABB215E022DB7F4700424B38 /* UpdateDetail.swift in Sources */ = {isa = PBXBuildFile; fileRef = ABB215DF22DB7F4700424B38 /* UpdateDetail.swift */; };
		ABB215E222DC472900424B38 /* UpdateStore.swift in Sources */ = {isa = PBXBuildFile; fileRef = ABB215E122DC472900424B38 /* UpdateStore.swift */; };
		ABB215E422DC7D0000424B38 /* TabBar.swift in Sources */ = {isa = PBXBuildFile; fileRef = ABB215E322DC7D0000424B38 /* TabBar.swift */; };
		ABB215E622DC808A00424B38 /* Settings.swift in Sources */ = {isa = PBXBuildFile; fileRef = ABB215E522DC808A00424B38 /* Settings.swift */; };
		ABB215E822DC8ABD00424B38 /* CertificateRow.swift in Sources */ = {isa = PBXBuildFile; fileRef = ABB215E722DC8ABD00424B38 /* CertificateRow.swift */; };
		ABE07CBF22D74F5700D209BE /* AppDelegate.swift in Sources */ = {isa = PBXBuildFile; fileRef = ABE07CBE22D74F5700D209BE /* AppDelegate.swift */; };
		ABE07CC122D74F5700D209BE /* SceneDelegate.swift in Sources */ = {isa = PBXBuildFile; fileRef = ABE07CC022D74F5700D209BE /* SceneDelegate.swift */; };
		ABE07CC322D74F5700D209BE /* ContentView.swift in Sources */ = {isa = PBXBuildFile; fileRef = ABE07CC222D74F5700D209BE /* ContentView.swift */; };
		ABE07CC522D74F5900D209BE /* Assets.xcassets in Resources */ = {isa = PBXBuildFile; fileRef = ABE07CC422D74F5900D209BE /* Assets.xcassets */; };
		ABE07CC822D74F5900D209BE /* Preview Assets.xcassets in Resources */ = {isa = PBXBuildFile; fileRef = ABE07CC722D74F5900D209BE /* Preview Assets.xcassets */; };
		ABE07CCB22D74F5900D209BE /* LaunchScreen.storyboard in Resources */ = {isa = PBXBuildFile; fileRef = ABE07CC922D74F5900D209BE /* LaunchScreen.storyboard */; };
/* End PBXBuildFile section */

/* Begin PBXFileReference section */
		AB1D3B1B22D9CDEF00D0AEA6 /* HomeList.swift */ = {isa = PBXFileReference; lastKnownFileType = sourcecode.swift; path = HomeList.swift; sourceTree = "<group>"; };
		AB62172622D870540039BC73 /* Home.swift */ = {isa = PBXFileReference; lastKnownFileType = sourcecode.swift; path = Home.swift; sourceTree = "<group>"; };
		ABB215DB22DB353800424B38 /* BlurView.swift */ = {isa = PBXFileReference; lastKnownFileType = sourcecode.swift; path = BlurView.swift; sourceTree = "<group>"; };
		ABB215DD22DB713300424B38 /* UpdateList.swift */ = {isa = PBXFileReference; lastKnownFileType = sourcecode.swift; path = UpdateList.swift; sourceTree = "<group>"; };
		ABB215DF22DB7F4700424B38 /* UpdateDetail.swift */ = {isa = PBXFileReference; lastKnownFileType = sourcecode.swift; path = UpdateDetail.swift; sourceTree = "<group>"; };
		ABB215E122DC472900424B38 /* UpdateStore.swift */ = {isa = PBXFileReference; lastKnownFileType = sourcecode.swift; path = UpdateStore.swift; sourceTree = "<group>"; };
		ABB215E322DC7D0000424B38 /* TabBar.swift */ = {isa = PBXFileReference; lastKnownFileType = sourcecode.swift; path = TabBar.swift; sourceTree = "<group>"; };
		ABB215E522DC808A00424B38 /* Settings.swift */ = {isa = PBXFileReference; lastKnownFileType = sourcecode.swift; path = Settings.swift; sourceTree = "<group>"; };
		ABB215E722DC8ABD00424B38 /* CertificateRow.swift */ = {isa = PBXFileReference; lastKnownFileType = sourcecode.swift; path = CertificateRow.swift; sourceTree = "<group>"; };
		ABE07CBB22D74F5700D209BE /* DesignCode.app */ = {isa = PBXFileReference; explicitFileType = wrapper.application; includeInIndex = 0; path = DesignCode.app; sourceTree = BUILT_PRODUCTS_DIR; };
		ABE07CBE22D74F5700D209BE /* AppDelegate.swift */ = {isa = PBXFileReference; lastKnownFileType = sourcecode.swift; path = AppDelegate.swift; sourceTree = "<group>"; };
		ABE07CC022D74F5700D209BE /* SceneDelegate.swift */ = {isa = PBXFileReference; lastKnownFileType = sourcecode.swift; path = SceneDelegate.swift; sourceTree = "<group>"; };
		ABE07CC222D74F5700D209BE /* ContentView.swift */ = {isa = PBXFileReference; lastKnownFileType = sourcecode.swift; path = ContentView.swift; sourceTree = "<group>"; };
		ABE07CC422D74F5900D209BE /* Assets.xcassets */ = {isa = PBXFileReference; lastKnownFileType = folder.assetcatalog; path = Assets.xcassets; sourceTree = "<group>"; };
		ABE07CC722D74F5900D209BE /* Preview Assets.xcassets */ = {isa = PBXFileReference; lastKnownFileType = folder.assetcatalog; path = "Preview Assets.xcassets"; sourceTree = "<group>"; };
		ABE07CCA22D74F5900D209BE /* Base */ = {isa = PBXFileReference; lastKnownFileType = file.storyboard; name = Base; path = Base.lproj/LaunchScreen.storyboard; sourceTree = "<group>"; };
		ABE07CCC22D74F5900D209BE /* Info.plist */ = {isa = PBXFileReference; lastKnownFileType = text.plist.xml; path = Info.plist; sourceTree = "<group>"; };
/* End PBXFileReference section */

/* Begin PBXFrameworksBuildPhase section */
		ABE07CB822D74F5700D209BE /* Frameworks */ = {
			isa = PBXFrameworksBuildPhase;
			buildActionMask = 2147483647;
			files = (
			);
			runOnlyForDeploymentPostprocessing = 0;
		};
/* End PBXFrameworksBuildPhase section */

/* Begin PBXGroup section */
		ABE07CB222D74F5700D209BE = {
			isa = PBXGroup;
			children = (
				ABE07CBD22D74F5700D209BE /* DesignCode */,
				ABE07CBC22D74F5700D209BE /* Products */,
			);
			sourceTree = "<group>";
		};
		ABE07CBC22D74F5700D209BE /* Products */ = {
			isa = PBXGroup;
			children = (
				ABE07CBB22D74F5700D209BE /* DesignCode.app */,
			);
			name = Products;
			sourceTree = "<group>";
		};
		ABE07CBD22D74F5700D209BE /* DesignCode */ = {
			isa = PBXGroup;
			children = (
				ABE07CBE22D74F5700D209BE /* AppDelegate.swift */,
				ABE07CC022D74F5700D209BE /* SceneDelegate.swift */,
				ABB215E322DC7D0000424B38 /* TabBar.swift */,
				ABE07CC222D74F5700D209BE /* ContentView.swift */,
				AB62172622D870540039BC73 /* Home.swift */,
				AB1D3B1B22D9CDEF00D0AEA6 /* HomeList.swift */,
				ABB215DD22DB713300424B38 /* UpdateList.swift */,
				ABB215DF22DB7F4700424B38 /* UpdateDetail.swift */,
				ABB215E122DC472900424B38 /* UpdateStore.swift */,
				ABB215E522DC808A00424B38 /* Settings.swift */,
				ABB215E722DC8ABD00424B38 /* CertificateRow.swift */,
				ABB215DB22DB353800424B38 /* BlurView.swift */,
				ABE07CC422D74F5900D209BE /* Assets.xcassets */,
				ABE07CC922D74F5900D209BE /* LaunchScreen.storyboard */,
				ABE07CCC22D74F5900D209BE /* Info.plist */,
				ABE07CC622D74F5900D209BE /* Preview Content */,
			);
			path = DesignCode;
			sourceTree = "<group>";
		};
		ABE07CC622D74F5900D209BE /* Preview Content */ = {
			isa = PBXGroup;
			children = (
				ABE07CC722D74F5900D209BE /* Preview Assets.xcassets */,
			);
			path = "Preview Content";
			sourceTree = "<group>";
		};
/* End PBXGroup section */

/* Begin PBXNativeTarget section */
		ABE07CBA22D74F5700D209BE /* DesignCode */ = {
			isa = PBXNativeTarget;
			buildConfigurationList = ABE07CCF22D74F5900D209BE /* Build configuration list for PBXNativeTarget "DesignCode" */;
			buildPhases = (
				ABE07CB722D74F5700D209BE /* Sources */,
				ABE07CB822D74F5700D209BE /* Frameworks */,
				ABE07CB922D74F5700D209BE /* Resources */,
			);
			buildRules = (
			);
			dependencies = (
			);
			name = DesignCode;
			productName = DesignCode;
			productReference = ABE07CBB22D74F5700D209BE /* DesignCode.app */;
			productType = "com.apple.product-type.application";
		};
/* End PBXNativeTarget section */

/* Begin PBXProject section */
		ABE07CB322D74F5700D209BE /* Project object */ = {
			isa = PBXProject;
			attributes = {
				LastSwiftUpdateCheck = 1100;
				LastUpgradeCheck = 1100;
				ORGANIZATIONNAME = Mithun;
				TargetAttributes = {
					ABE07CBA22D74F5700D209BE = {
						CreatedOnToolsVersion = 11.0;
					};
				};
			};
			buildConfigurationList = ABE07CB622D74F5700D209BE /* Build configuration list for PBXProject "DesignCode" */;
			compatibilityVersion = "Xcode 9.3";
			developmentRegion = en;
			hasScannedForEncodings = 0;
			knownRegions = (
				en,
				Base,
			);
			mainGroup = ABE07CB222D74F5700D209BE;
			productRefGroup = ABE07CBC22D74F5700D209BE /* Products */;
			projectDirPath = "";
			projectRoot = "";
			targets = (
				ABE07CBA22D74F5700D209BE /* DesignCode */,
			);
		};
/* End PBXProject section */

/* Begin PBXResourcesBuildPhase section */
		ABE07CB922D74F5700D209BE /* Resources */ = {
			isa = PBXResourcesBuildPhase;
			buildActionMask = 2147483647;
			files = (
				ABE07CCB22D74F5900D209BE /* LaunchScreen.storyboard in Resources */,
				ABE07CC822D74F5900D209BE /* Preview Assets.xcassets in Resources */,
				ABE07CC522D74F5900D209BE /* Assets.xcassets in Resources */,
			);
			runOnlyForDeploymentPostprocessing = 0;
		};
/* End PBXResourcesBuildPhase section */

/* Begin PBXSourcesBuildPhase section */
		ABE07CB722D74F5700D209BE /* Sources */ = {
			isa = PBXSourcesBuildPhase;
			buildActionMask = 2147483647;
			files = (
				ABE07CBF22D74F5700D209BE /* AppDelegate.swift in Sources */,
				ABB215E222DC472900424B38 /* UpdateStore.swift in Sources */,
				ABB215DE22DB713300424B38 /* UpdateList.swift in Sources */,
				AB1D3B1C22D9CDEF00D0AEA6 /* HomeList.swift in Sources */,
				ABB215E022DB7F4700424B38 /* UpdateDetail.swift in Sources */,
				ABE07CC122D74F5700D209BE /* SceneDelegate.swift in Sources */,
				AB62172722D870540039BC73 /* Home.swift in Sources */,
				ABE07CC322D74F5700D209BE /* ContentView.swift in Sources */,
				ABB215DC22DB353800424B38 /* BlurView.swift in Sources */,
				ABB215E622DC808A00424B38 /* Settings.swift in Sources */,
				ABB215E822DC8ABD00424B38 /* CertificateRow.swift in Sources */,
				ABB215E422DC7D0000424B38 /* TabBar.swift in Sources */,
			);
			runOnlyForDeploymentPostprocessing = 0;
		};
/* End PBXSourcesBuildPhase section */

/* Begin PBXVariantGroup section */
		ABE07CC922D74F5900D209BE /* LaunchScreen.storyboard */ = {
			isa = PBXVariantGroup;
			children = (
				ABE07CCA22D74F5900D209BE /* Base */,
			);
			name = LaunchScreen.storyboard;
			sourceTree = "<group>";
		};
/* End PBXVariantGroup section */

/* Begin XCBuildConfiguration section */
		ABE07CCD22D74F5900D209BE /* Debug */ = {
			isa = XCBuildConfiguration;
			buildSettings = {
				ALWAYS_SEARCH_USER_PATHS = NO;
				CLANG_ANALYZER_NONNULL = YES;
				CLANG_ANALYZER_NUMBER_OBJECT_CONVERSION = YES_AGGRESSIVE;
				CLANG_CXX_LANGUAGE_STANDARD = "gnu++14";
				CLANG_CXX_LIBRARY = "libc++";
				CLANG_ENABLE_MODULES = YES;
				CLANG_ENABLE_OBJC_ARC = YES;
				CLANG_ENABLE_OBJC_WEAK = YES;
				CLANG_WARN_BLOCK_CAPTURE_AUTORELEASING = YES;
				CLANG_WARN_BOOL_CONVERSION = YES;
				CLANG_WARN_COMMA = YES;
				CLANG_WARN_CONSTANT_CONVERSION = YES;
				CLANG_WARN_DEPRECATED_OBJC_IMPLEMENTATIONS = YES;
				CLANG_WARN_DIRECT_OBJC_ISA_USAGE = YES_ERROR;
				CLANG_WARN_DOCUMENTATION_COMMENTS = YES;
				CLANG_WARN_EMPTY_BODY = YES;
				CLANG_WARN_ENUM_CONVERSION = YES;
				CLANG_WARN_INFINITE_RECURSION = YES;
				CLANG_WARN_INT_CONVERSION = YES;
				CLANG_WARN_NON_LITERAL_NULL_CONVERSION = YES;
				CLANG_WARN_OBJC_IMPLICIT_RETAIN_SELF = YES;
				CLANG_WARN_OBJC_LITERAL_CONVERSION = YES;
				CLANG_WARN_OBJC_ROOT_CLASS = YES_ERROR;
				CLANG_WARN_RANGE_LOOP_ANALYSIS = YES;
				CLANG_WARN_STRICT_PROTOTYPES = YES;
				CLANG_WARN_SUSPICIOUS_MOVE = YES;
				CLANG_WARN_UNGUARDED_AVAILABILITY = YES_AGGRESSIVE;
				CLANG_WARN_UNREACHABLE_CODE = YES;
				CLANG_WARN__DUPLICATE_METHOD_MATCH = YES;
				COPY_PHASE_STRIP = NO;
				DEBUG_INFORMATION_FORMAT = dwarf;
				ENABLE_STRICT_OBJC_MSGSEND = YES;
				ENABLE_TESTABILITY = YES;
				GCC_C_LANGUAGE_STANDARD = gnu11;
				GCC_DYNAMIC_NO_PIC = NO;
				GCC_NO_COMMON_BLOCKS = YES;
				GCC_OPTIMIZATION_LEVEL = 0;
				GCC_PREPROCESSOR_DEFINITIONS = (
					"DEBUG=1",
					"$(inherited)",
				);
				GCC_WARN_64_TO_32_BIT_CONVERSION = YES;
				GCC_WARN_ABOUT_RETURN_TYPE = YES_ERROR;
				GCC_WARN_UNDECLARED_SELECTOR = YES;
				GCC_WARN_UNINITIALIZED_AUTOS = YES_AGGRESSIVE;
				GCC_WARN_UNUSED_FUNCTION = YES;
				GCC_WARN_UNUSED_VARIABLE = YES;
				IPHONEOS_DEPLOYMENT_TARGET = 13.0;
				MTL_ENABLE_DEBUG_INFO = INCLUDE_SOURCE;
				MTL_FAST_MATH = YES;
				ONLY_ACTIVE_ARCH = YES;
				SDKROOT = iphoneos;
				SWIFT_ACTIVE_COMPILATION_CONDITIONS = DEBUG;
				SWIFT_OPTIMIZATION_LEVEL = "-Onone";
			};
			name = Debug;
		};
		ABE07CCE22D74F5900D209BE /* Release */ = {
			isa = XCBuildConfiguration;
			buildSettings = {
				ALWAYS_SEARCH_USER_PATHS = NO;
				CLANG_ANALYZER_NONNULL = YES;
				CLANG_ANALYZER_NUMBER_OBJECT_CONVERSION = YES_AGGRESSIVE;
				CLANG_CXX_LANGUAGE_STANDARD = "gnu++14";
				CLANG_CXX_LIBRARY = "libc++";
				CLANG_ENABLE_MODULES = YES;
				CLANG_ENABLE_OBJC_ARC = YES;
				CLANG_ENABLE_OBJC_WEAK = YES;
				CLANG_WARN_BLOCK_CAPTURE_AUTORELEASING = YES;
				CLANG_WARN_BOOL_CONVERSION = YES;
				CLANG_WARN_COMMA = YES;
				CLANG_WARN_CONSTANT_CONVERSION = YES;
				CLANG_WARN_DEPRECATED_OBJC_IMPLEMENTATIONS = YES;
				CLANG_WARN_DIRECT_OBJC_ISA_USAGE = YES_ERROR;
				CLANG_WARN_DOCUMENTATION_COMMENTS = YES;
				CLANG_WARN_EMPTY_BODY = YES;
				CLANG_WARN_ENUM_CONVERSION = YES;
				CLANG_WARN_INFINITE_RECURSION = YES;
				CLANG_WARN_INT_CONVERSION = YES;
				CLANG_WARN_NON_LITERAL_NULL_CONVERSION = YES;
				CLANG_WARN_OBJC_IMPLICIT_RETAIN_SELF = YES;
				CLANG_WARN_OBJC_LITERAL_CONVERSION = YES;
				CLANG_WARN_OBJC_ROOT_CLASS = YES_ERROR;
				CLANG_WARN_RANGE_LOOP_ANALYSIS = YES;
				CLANG_WARN_STRICT_PROTOTYPES = YES;
				CLANG_WARN_SUSPICIOUS_MOVE = YES;
				CLANG_WARN_UNGUARDED_AVAILABILITY = YES_AGGRESSIVE;
				CLANG_WARN_UNREACHABLE_CODE = YES;
				CLANG_WARN__DUPLICATE_METHOD_MATCH = YES;
				COPY_PHASE_STRIP = NO;
				DEBUG_INFORMATION_FORMAT = "dwarf-with-dsym";
				ENABLE_NS_ASSERTIONS = NO;
				ENABLE_STRICT_OBJC_MSGSEND = YES;
				GCC_C_LANGUAGE_STANDARD = gnu11;
				GCC_NO_COMMON_BLOCKS = YES;
				GCC_WARN_64_TO_32_BIT_CONVERSION = YES;
				GCC_WARN_ABOUT_RETURN_TYPE = YES_ERROR;
				GCC_WARN_UNDECLARED_SELECTOR = YES;
				GCC_WARN_UNINITIALIZED_AUTOS = YES_AGGRESSIVE;
				GCC_WARN_UNUSED_FUNCTION = YES;
				GCC_WARN_UNUSED_VARIABLE = YES;
				IPHONEOS_DEPLOYMENT_TARGET = 13.0;
				MTL_ENABLE_DEBUG_INFO = NO;
				MTL_FAST_MATH = YES;
				SDKROOT = iphoneos;
				SWIFT_COMPILATION_MODE = wholemodule;
				SWIFT_OPTIMIZATION_LEVEL = "-O";
				VALIDATE_PRODUCT = YES;
			};
			name = Release;
		};
		ABE07CD022D74F5900D209BE /* Debug */ = {
			isa = XCBuildConfiguration;
			buildSettings = {
				ASSETCATALOG_COMPILER_APPICON_NAME = AppIcon;
				CODE_SIGN_STYLE = Automatic;
				DEVELOPMENT_ASSET_PATHS = "DesignCode/Preview\\ Content";
				DEVELOPMENT_TEAM = 55K3Q933C6;
				ENABLE_PREVIEWS = YES;
				INFOPLIST_FILE = DesignCode/Info.plist;
				LD_RUNPATH_SEARCH_PATHS = (
					"$(inherited)",
					"@executable_path/Frameworks",
				);
				PRODUCT_BUNDLE_IDENTIFIER = mythxn.DesignCode;
				PRODUCT_NAME = "$(TARGET_NAME)";
				SWIFT_VERSION = 5.0;
				TARGETED_DEVICE_FAMILY = "1,2";
			};
			name = Debug;
		};
		ABE07CD122D74F5900D209BE /* Release */ = {
			isa = XCBuildConfiguration;
			buildSettings = {
				ASSETCATALOG_COMPILER_APPICON_NAME = AppIcon;
				CODE_SIGN_STYLE = Automatic;
				DEVELOPMENT_ASSET_PATHS = "DesignCode/Preview\\ Content";
				DEVELOPMENT_TEAM = 55K3Q933C6;
				ENABLE_PREVIEWS = YES;
				INFOPLIST_FILE = DesignCode/Info.plist;
				LD_RUNPATH_SEARCH_PATHS = (
					"$(inherited)",
					"@executable_path/Frameworks",
				);
				PRODUCT_BUNDLE_IDENTIFIER = mythxn.DesignCode;
				PRODUCT_NAME = "$(TARGET_NAME)";
				SWIFT_VERSION = 5.0;
				TARGETED_DEVICE_FAMILY = "1,2";
			};
			name = Release;
		};
/* End XCBuildConfiguration section */

/* Begin XCConfigurationList section */
		ABE07CB622D74F5700D209BE /* Build configuration list for PBXProject "DesignCode" */ = {
			isa = XCConfigurationList;
			buildConfigurations = (
				ABE07CCD22D74F5900D209BE /* Debug */,
				ABE07CCE22D74F5900D209BE /* Release */,
			);
			defaultConfigurationIsVisible = 0;
			defaultConfigurationName = Release;
		};
		ABE07CCF22D74F5900D209BE /* Build configuration list for PBXNativeTarget "DesignCode" */ = {
			isa = XCConfigurationList;
			buildConfigurations = (
				ABE07CD022D74F5900D209BE /* Debug */,
				ABE07CD122D74F5900D209BE /* Release */,
			);
			defaultConfigurationIsVisible = 0;
			defaultConfigurationName = Release;
		};
/* End XCConfigurationList section */
	};
	rootObject = ABE07CB322D74F5700D209BE /* Project object */;
}
